
Microsoft Visual Studio Solution File, Format Version 12.00
# Visual Studio Version 17
VisualStudioVersion = 17.13.35931.197 d17.13
MinimumVisualStudioVersion = 10.0.40219.1
Project("{FAE04EC0-301F-11D3-BF4B-00C04F79EFBC}") = "TechStore.ProductService", "TechStore.ProductService\TechStore.ProductService.csproj", "{2B3A0629-9E96-4600-917A-E3CE4E82B8CC}"
EndProject
Project("{2150E333-8FDC-42A3-9474-1A3956D46DE8}") = "frontend", "frontend", "{02EA681E-C7D8-13C7-8484-4AC65E1B71E8}"
	ProjectSection(SolutionItems) = preProject
		frontend\app.js = frontend\app.js
		frontend\index.html = frontend\index.html
		frontend\style.css = frontend\style.css
	EndProjectSection
EndProject
Global
	GlobalSection(SolutionConfigurationPlatforms) = preSolution
		Debug|Any CPU = Debug|Any CPU
		Release|Any CPU = Release|Any CPU
	EndGlobalSection
	GlobalSection(ProjectConfigurationPlatforms) = postSolution
		{2B3A0629-9E96-4600-917A-E3CE4E82B8CC}.Debug|Any CPU.ActiveCfg = Debug|Any CPU
		{2B3A0629-9E96-4600-917A-E3CE4E82B8CC}.Debug|Any CPU.Build.0 = Debug|Any CPU
		{2B3A0629-9E96-4600-917A-E3CE4E82B8CC}.Release|Any CPU.ActiveCfg = Release|Any CPU
		{2B3A0629-9E96-4600-917A-E3CE4E82B8CC}.Release|Any CPU.Build.0 = Release|Any CPU
	EndGlobalSection
	GlobalSection(SolutionProperties) = preSolution
		HideSolutionNode = FALSE
	EndGlobalSection
	GlobalSection(ExtensibilityGlobals) = postSolution
		SolutionGuid = {F5C45748-BDE2-42A2-94D6-119D9A9F01B5}
	EndGlobalSection
EndGlobal
